
Microsoft Visual Studio Solution File, Format Version 12.00
# Visual Studio Version 17
VisualStudioVersion = 17.1.32210.238
MinimumVisualStudioVersion = 10.0.40219.1
Project("{FAE04EC0-301F-11D3-BF4B-00C04F79EFBC}") = "BankEncapsulation", "BankEncapsulation\BankEncapsulation.csproj", "{ABCB6D0D-79AC-4FB5-A88C-8BDE8A6CA78F}"
EndProject
Global
	GlobalSection(SolutionConfigurationPlatforms) = preSolution
		Debug|Any CPU = Debug|Any CPU
		Release|Any CPU = Release|Any CPU
	EndGlobalSection
	GlobalSection(ProjectConfigurationPlatforms) = postSolution
		{ABCB6D0D-79AC-4FB5-A88C-8BDE8A6CA78F}.Debug|Any CPU.ActiveCfg = Debug|Any CPU
		{ABCB6D0D-79AC-4FB5-A88C-8BDE8A6CA78F}.Debug|Any CPU.Build.0 = Debug|Any CPU
		{ABCB6D0D-79AC-4FB5-A88C-8BDE8A6CA78F}.Release|Any CPU.ActiveCfg = Release|Any CPU
		{ABCB6D0D-79AC-4FB5-A88C-8BDE8A6CA78F}.Release|Any CPU.Build.0 = Release|Any CPU
	EndGlobalSection
	GlobalSection(SolutionProperties) = preSolution
		HideSolutionNode = FALSE
	EndGlobalSection
	GlobalSection(ExtensibilityGlobals) = postSolution
		SolutionGuid = {49659428-1D8F-470F-B250-0AC4A157A670}
	EndGlobalSection
EndGlobal
